
Microsoft Visual Studio Solution File, Format Version 12.00
# Visual Studio 15
VisualStudioVersion = 15.0.28010.2036
MinimumVisualStudioVersion = 10.0.40219.1
Project("{FAE04EC0-301F-11D3-BF4B-00C04F79EFBC}") = "WindowsFormsApp2", "WindowsFormsApp2\WindowsFormsApp2.csproj", "{CE975C5C-585E-4150-B4C9-F32154176FC8}"
EndProject
Global
	GlobalSection(SolutionConfigurationPlatforms) = preSolution
		Debug|Any CPU = Debug|Any CPU
		Release|Any CPU = Release|Any CPU
	EndGlobalSection
	GlobalSection(ProjectConfigurationPlatforms) = postSolution
		{CE975C5C-585E-4150-B4C9-F32154176FC8}.Debug|Any CPU.ActiveCfg = Debug|Any CPU
		{CE975C5C-585E-4150-B4C9-F32154176FC8}.Debug|Any CPU.Build.0 = Debug|Any CPU
		{CE975C5C-585E-4150-B4C9-F32154176FC8}.Release|Any CPU.ActiveCfg = Release|Any CPU
		{CE975C5C-585E-4150-B4C9-F32154176FC8}.Release|Any CPU.Build.0 = Release|Any CPU
	EndGlobalSection
	GlobalSection(SolutionProperties) = preSolution
		HideSolutionNode = FALSE
	EndGlobalSection
	GlobalSection(ExtensibilityGlobals) = postSolution
		SolutionGuid = {12FE420C-05A0-4689-A2E4-28AC75F7D442}
	EndGlobalSection
EndGlobal
